
Microsoft Visual Studio Solution File, Format Version 12.00
# Visual Studio Version 16
VisualStudioVersion = 16.0.29326.143
MinimumVisualStudioVersion = 10.0.40219.1
Project("{FAE04EC0-301F-11D3-BF4B-00C04F79EFBC}") = "Mediator", "Mediator.csproj", "{DE8EC0E5-DD07-40B7-AD93-62E21E0F9AD4}"
EndProject
Global
	GlobalSection(SolutionConfigurationPlatforms) = preSolution
		Debug|Any CPU = Debug|Any CPU
		Release|Any CPU = Release|Any CPU
	EndGlobalSection
	GlobalSection(ProjectConfigurationPlatforms) = postSolution
		{DE8EC0E5-DD07-40B7-AD93-62E21E0F9AD4}.Debug|Any CPU.ActiveCfg = Debug|Any CPU
		{DE8EC0E5-DD07-40B7-AD93-62E21E0F9AD4}.Debug|Any CPU.Build.0 = Debug|Any CPU
		{DE8EC0E5-DD07-40B7-AD93-62E21E0F9AD4}.Release|Any CPU.ActiveCfg = Release|Any CPU
		{DE8EC0E5-DD07-40B7-AD93-62E21E0F9AD4}.Release|Any CPU.Build.0 = Release|Any CPU
	EndGlobalSection
	GlobalSection(SolutionProperties) = preSolution
		HideSolutionNode = FALSE
	EndGlobalSection
	GlobalSection(ExtensibilityGlobals) = postSolution
		SolutionGuid = {334577AE-904C-4E1C-AEA1-ED54947D3EF5}
	EndGlobalSection
EndGlobal
